<?xml version="1.0" encoding="utf-8"?>
<Project ToolsVersion="4.0" xmlns="http://schemas.microsoft.com/developer/msbuild/2003">
  <ItemGroup>
    <ClCompile Include="src\VR4300\CPU.cpp" />
    <ClCompile Include="src\NumericalTypes.ixx" />
    <ClCompile Include="src\Utils\BitUtils.ixx" />
    <ClCompile Include="src\VR4300\COP0.cpp" />
    <ClCompile Include="src\VR4300\COP1.cpp" />
    <ClCompile Include="src\VR4300\Exceptions.cpp" />
    <ClCompile Include="src\VR4300\InstructionDecode.cpp" />
    <ClCompile Include="src\VR4300\VR4300.ixx" />
    <ClCompile Include="src\VR4300\CPU.ixx" />
    <ClCompile Include="src\VR4300\COP0.ixx" />
    <ClCompile Include="src\VR4300\COP1.ixx" />
    <ClCompile Include="src\VR4300\Exceptions.ixx" />
    <ClCompile Include="src\VR4300\Operation.ixx" />
    <ClCompile Include="src\VR4300\Operation.cpp" />
    <ClCompile Include="src\VR4300\MMU.ixx" />
    <ClCompile Include="src\VR4300\MMU.cpp" />
    <ClCompile Include="src\memory\Memory.ixx" />
    <ClCompile Include="src\Main.cpp" />
    <ClCompile Include="src\VR4300\Registers.ixx" />
    <ClCompile Include="src\memory\Cartridge.ixx" />
    <ClCompile Include="src\memory\Cartridge.cpp" />
    <ClCompile Include="src\N64.ixx" />
    <ClCompile Include="src\N64.cpp" />
    <ClCompile Include="src\UserMessage.ixx" />
    <ClCompile Include="src\HostSystem.ixx" />
    <ClCompile Include="src\memory\Memory.cpp" />
    <ClCompile Include="src\memory\RDRAM.ixx" />
    <ClCompile Include="src\memory\MemoryAccess.ixx" />
    <ClCompile Include="src\interface\MI.ixx" />
    <ClCompile Include="src\interface\PI.ixx" />
    <ClCompile Include="src\interface\SI.ixx" />
    <ClCompile Include="src\interface\VI.ixx" />
    <ClCompile Include="src\memory\PIF.ixx" />
    <ClCompile Include="src\memory\DMA.ixx" />
    <ClCompile Include="src\memory\DMA.cpp" />
    <ClCompile Include="src\VR4300\Registers.cpp" />
    <ClCompile Include="src\memory\RDRAM.cpp" />
    <ClCompile Include="src\interface\MI.cpp" />
    <ClCompile Include="src\interface\PI.cpp" />
    <ClCompile Include="src\interface\SI.cpp" />
    <ClCompile Include="src\interface\VI.cpp" />
    <ClCompile Include="src\RSP\RSP.ixx" />
    <ClCompile Include="src\RSP\RSP.cpp" />
    <ClCompile Include="src\Renderer.ixx" />
    <ClCompile Include="src\Renderer.cpp" />
  </ItemGroup>
  <ItemGroup>
    <ClInclude Include="src\Utils\EnumerateTemplateSpecializations.h" />
    <ClInclude Include="src\DebugOptions.h" />
  </ItemGroup>
</Project>