<?xml version="1.0" encoding="utf-8"?>
<Project ToolsVersion="4.0" xmlns="http://schemas.microsoft.com/developer/msbuild/2003">
  <ItemGroup>
    <ClCompile Include="Main.cpp" />
    <ClCompile Include="src\VR4300\CPU.cpp" />
    <ClCompile Include="src\NumericalTypes.ixx" />
    <ClCompile Include="src\BitUtils.ixx" />
    <ClCompile Include="src\VR4300\COP0.cpp" />
    <ClCompile Include="src\VR4300\COP1.cpp" />
    <ClCompile Include="src\VR4300\Exceptions.cpp" />
    <ClCompile Include="src\VR4300\InstructionDecode.cpp" />
    <ClCompile Include="src\VR4300\VR4300.ixx" />
    <ClCompile Include="src\VR4300\CPU.ixx" />
    <ClCompile Include="src\VR4300\COP0.ixx" />
    <ClCompile Include="src\VR4300\COP1.ixx" />
    <ClCompile Include="src\VR4300\Exceptions.ixx" />
    <ClCompile Include="src\VR4300\Operation.ixx" />
    <ClCompile Include="src\VR4300\Operation.cpp" />
    <ClCompile Include="src\VR4300\MMU.ixx" />
    <ClCompile Include="src\VR4300\MMU.cpp" />
    <ClCompile Include="src\memory\Memory.ixx" />
  </ItemGroup>
</Project>