<?xml version="1.0" encoding="utf-8"?>
<Project ToolsVersion="4.0" xmlns="http://schemas.microsoft.com/developer/msbuild/2003">
  <ItemGroup>
    <ClCompile Include="Main.cpp" />
    <ClCompile Include="src\MIPS4300i\MIPS4300i.cpp" />
    <ClCompile Include="src\memory\MMU.cpp" />
    <ClCompile Include="src\MIPS4300i\CPU.cpp" />
    <ClCompile Include="src\MIPS4300i\MIPS4300i.ixx" />
    <ClCompile Include="src\memory\MMU.ixx" />
    <ClCompile Include="src\NumericalTypes.ixx" />
    <ClCompile Include="src\BitUtils.ixx" />
    <ClCompile Include="src\MIPS4300i\COP0.cpp" />
    <ClCompile Include="src\MIPS4300i\COP1.cpp" />
    <ClCompile Include="src\MIPS4300i\Exceptions.cpp" />
  </ItemGroup>
</Project>